// !$*UTF8*$!
{
	archiveVersion = 1;
	classes = {
	};
	objectVersion = 56;
	objects = {

/* Begin PBXBuildFile section */
		D943D28629A11B7E005ED94E /* SendSMS.swift in Sources */ = {isa = PBXBuildFile; fileRef = D943D28529A11B7E005ED94E /* SendSMS.swift */; };
		D9AC5A0A29A10079003B102B /* KindfulApp.swift in Sources */ = {isa = PBXBuildFile; fileRef = D9AC5A0929A10079003B102B /* KindfulApp.swift */; };
		D9AC5A0C29A10079003B102B /* Login.swift in Sources */ = {isa = PBXBuildFile; fileRef = D9AC5A0B29A10079003B102B /* Login.swift */; };
		D9AC5A0E29A1007A003B102B /* Assets.xcassets in Resources */ = {isa = PBXBuildFile; fileRef = D9AC5A0D29A1007A003B102B /* Assets.xcassets */; };
		D9AC5A1129A1007A003B102B /* Preview Assets.xcassets in Resources */ = {isa = PBXBuildFile; fileRef = D9AC5A1029A1007A003B102B /* Preview Assets.xcassets */; };
		D9AC5A1929A10241003B102B /* FirebaseAuth in Frameworks */ = {isa = PBXBuildFile; productRef = D9AC5A1829A10241003B102B /* FirebaseAuth */; };
		D9AC5A1B29A10241003B102B /* FirebaseFirestore in Frameworks */ = {isa = PBXBuildFile; productRef = D9AC5A1A29A10241003B102B /* FirebaseFirestore */; };
		D9AC5A1D29A10241003B102B /* FirebaseFirestoreSwift in Frameworks */ = {isa = PBXBuildFile; productRef = D9AC5A1C29A10241003B102B /* FirebaseFirestoreSwift */; };
		D9AC5A2229A1047D003B102B /* shapes.riv in Resources */ = {isa = PBXBuildFile; fileRef = D9AC5A2029A1047D003B102B /* shapes.riv */; };
		D9AC5A2329A1047D003B102B /* Oswald.ttf in Resources */ = {isa = PBXBuildFile; fileRef = D9AC5A2129A1047D003B102B /* Oswald.ttf */; };
		D9AC5A2629A104F8003B102B /* RiveRuntime in Frameworks */ = {isa = PBXBuildFile; productRef = D9AC5A2529A104F8003B102B /* RiveRuntime */; };
		D9AC5A2829A10540003B102B /* Home.swift in Sources */ = {isa = PBXBuildFile; fileRef = D9AC5A2729A10540003B102B /* Home.swift */; };
		D9AC5A2A29A1063A003B102B /* GoogleService-Info.plist in Resources */ = {isa = PBXBuildFile; fileRef = D9AC5A2929A1063A003B102B /* GoogleService-Info.plist */; };
		D9AC5A2D29A10A2A003B102B /* Message.swift in Sources */ = {isa = PBXBuildFile; fileRef = D9AC5A2C29A10A2A003B102B /* Message.swift */; };
		D9AC5A2F29A11624003B102B /* Donate.swift in Sources */ = {isa = PBXBuildFile; fileRef = D9AC5A2E29A11624003B102B /* Donate.swift */; };
/* End PBXBuildFile section */

/* Begin PBXFileReference section */
		D943D28529A11B7E005ED94E /* SendSMS.swift */ = {isa = PBXFileReference; lastKnownFileType = sourcecode.swift; path = SendSMS.swift; sourceTree = "<group>"; };
		D9AC5A0629A10079003B102B /* Kindful.app */ = {isa = PBXFileReference; explicitFileType = wrapper.application; includeInIndex = 0; path = Kindful.app; sourceTree = BUILT_PRODUCTS_DIR; };
		D9AC5A0929A10079003B102B /* KindfulApp.swift */ = {isa = PBXFileReference; lastKnownFileType = sourcecode.swift; path = KindfulApp.swift; sourceTree = "<group>"; };
		D9AC5A0B29A10079003B102B /* Login.swift */ = {isa = PBXFileReference; lastKnownFileType = sourcecode.swift; path = Login.swift; sourceTree = "<group>"; };
		D9AC5A0D29A1007A003B102B /* Assets.xcassets */ = {isa = PBXFileReference; lastKnownFileType = folder.assetcatalog; path = Assets.xcassets; sourceTree = "<group>"; };
		D9AC5A1029A1007A003B102B /* Preview Assets.xcassets */ = {isa = PBXFileReference; lastKnownFileType = folder.assetcatalog; path = "Preview Assets.xcassets"; sourceTree = "<group>"; };
		D9AC5A2029A1047D003B102B /* shapes.riv */ = {isa = PBXFileReference; lastKnownFileType = file; path = shapes.riv; sourceTree = "<group>"; };
		D9AC5A2129A1047D003B102B /* Oswald.ttf */ = {isa = PBXFileReference; lastKnownFileType = file; path = Oswald.ttf; sourceTree = "<group>"; };
		D9AC5A2729A10540003B102B /* Home.swift */ = {isa = PBXFileReference; lastKnownFileType = sourcecode.swift; path = Home.swift; sourceTree = "<group>"; };
		D9AC5A2929A1063A003B102B /* GoogleService-Info.plist */ = {isa = PBXFileReference; fileEncoding = 4; lastKnownFileType = text.plist.xml; path = "GoogleService-Info.plist"; sourceTree = "<group>"; };
		D9AC5A2C29A10A2A003B102B /* Message.swift */ = {isa = PBXFileReference; lastKnownFileType = sourcecode.swift; path = Message.swift; sourceTree = "<group>"; };
		D9AC5A2E29A11624003B102B /* Donate.swift */ = {isa = PBXFileReference; lastKnownFileType = sourcecode.swift; path = Donate.swift; sourceTree = "<group>"; };
/* End PBXFileReference section */

/* Begin PBXFrameworksBuildPhase section */
		D9AC5A0329A10079003B102B /* Frameworks */ = {
			isa = PBXFrameworksBuildPhase;
			buildActionMask = 2147483647;
			files = (
				D9AC5A1929A10241003B102B /* FirebaseAuth in Frameworks */,
				D9AC5A2629A104F8003B102B /* RiveRuntime in Frameworks */,
				D9AC5A1B29A10241003B102B /* FirebaseFirestore in Frameworks */,
				D9AC5A1D29A10241003B102B /* FirebaseFirestoreSwift in Frameworks */,
			);
			runOnlyForDeploymentPostprocessing = 0;
		};
/* End PBXFrameworksBuildPhase section */

/* Begin PBXGroup section */
		D943D28729A12B46005ED94E /* Views */ = {
			isa = PBXGroup;
			children = (
				D9AC5A0B29A10079003B102B /* Login.swift */,
				D9AC5A2729A10540003B102B /* Home.swift */,
				D9AC5A2E29A11624003B102B /* Donate.swift */,
				D9AC5A2C29A10A2A003B102B /* Message.swift */,
			);
			path = Views;
			sourceTree = "<group>";
		};
		D9AC59FD29A10079003B102B = {
			isa = PBXGroup;
			children = (
				D9AC5A0829A10079003B102B /* Kindful */,
				D9AC5A0729A10079003B102B /* Products */,
			);
			sourceTree = "<group>";
		};
		D9AC5A0729A10079003B102B /* Products */ = {
			isa = PBXGroup;
			children = (
				D9AC5A0629A10079003B102B /* Kindful.app */,
			);
			name = Products;
			sourceTree = "<group>";
		};
		D9AC5A0829A10079003B102B /* Kindful */ = {
			isa = PBXGroup;
			children = (
				D9AC5A0929A10079003B102B /* KindfulApp.swift */,
				D943D28729A12B46005ED94E /* Views */,
				D943D28529A11B7E005ED94E /* SendSMS.swift */,
				D9AC5A0D29A1007A003B102B /* Assets.xcassets */,
				D9AC5A2929A1063A003B102B /* GoogleService-Info.plist */,
				D9AC5A1F29A10454003B102B /* Assets */,
				D9AC5A0F29A1007A003B102B /* Preview Content */,
			);
			path = Kindful;
			sourceTree = "<group>";
		};
		D9AC5A0F29A1007A003B102B /* Preview Content */ = {
			isa = PBXGroup;
			children = (
				D9AC5A1029A1007A003B102B /* Preview Assets.xcassets */,
			);
			path = "Preview Content";
			sourceTree = "<group>";
		};
		D9AC5A1F29A10454003B102B /* Assets */ = {
			isa = PBXGroup;
			children = (
				D9AC5A2129A1047D003B102B /* Oswald.ttf */,
				D9AC5A2029A1047D003B102B /* shapes.riv */,
			);
			path = Assets;
			sourceTree = "<group>";
		};
/* End PBXGroup section */

/* Begin PBXNativeTarget section */
		D9AC5A0529A10079003B102B /* Kindful */ = {
			isa = PBXNativeTarget;
			buildConfigurationList = D9AC5A1429A1007A003B102B /* Build configuration list for PBXNativeTarget "Kindful" */;
			buildPhases = (
				D9AC5A0229A10079003B102B /* Sources */,
				D9AC5A0329A10079003B102B /* Frameworks */,
				D9AC5A0429A10079003B102B /* Resources */,
			);
			buildRules = (
			);
			dependencies = (
			);
			name = Kindful;
			packageProductDependencies = (
				D9AC5A1829A10241003B102B /* FirebaseAuth */,
				D9AC5A1A29A10241003B102B /* FirebaseFirestore */,
				D9AC5A1C29A10241003B102B /* FirebaseFirestoreSwift */,
				D9AC5A2529A104F8003B102B /* RiveRuntime */,
			);
			productName = Kindful;
			productReference = D9AC5A0629A10079003B102B /* Kindful.app */;
			productType = "com.apple.product-type.application";
		};
/* End PBXNativeTarget section */

/* Begin PBXProject section */
		D9AC59FE29A10079003B102B /* Project object */ = {
			isa = PBXProject;
			attributes = {
				BuildIndependentTargetsInParallel = 1;
				LastSwiftUpdateCheck = 1420;
				LastUpgradeCheck = 1420;
				TargetAttributes = {
					D9AC5A0529A10079003B102B = {
						CreatedOnToolsVersion = 14.2;
					};
				};
			};
			buildConfigurationList = D9AC5A0129A10079003B102B /* Build configuration list for PBXProject "Kindful" */;
			compatibilityVersion = "Xcode 14.0";
			developmentRegion = en;
			hasScannedForEncodings = 0;
			knownRegions = (
				en,
				Base,
			);
			mainGroup = D9AC59FD29A10079003B102B;
			packageReferences = (
				D9AC5A1729A10240003B102B /* XCRemoteSwiftPackageReference "firebase-ios-sdk" */,
				D9AC5A2429A104F7003B102B /* XCRemoteSwiftPackageReference "rive-ios" */,
			);
			productRefGroup = D9AC5A0729A10079003B102B /* Products */;
			projectDirPath = "";
			projectRoot = "";
			targets = (
				D9AC5A0529A10079003B102B /* Kindful */,
			);
		};
/* End PBXProject section */

/* Begin PBXResourcesBuildPhase section */
		D9AC5A0429A10079003B102B /* Resources */ = {
			isa = PBXResourcesBuildPhase;
			buildActionMask = 2147483647;
			files = (
				D9AC5A2329A1047D003B102B /* Oswald.ttf in Resources */,
				D9AC5A2229A1047D003B102B /* shapes.riv in Resources */,
				D9AC5A2A29A1063A003B102B /* GoogleService-Info.plist in Resources */,
				D9AC5A1129A1007A003B102B /* Preview Assets.xcassets in Resources */,
				D9AC5A0E29A1007A003B102B /* Assets.xcassets in Resources */,
			);
			runOnlyForDeploymentPostprocessing = 0;
		};
/* End PBXResourcesBuildPhase section */

/* Begin PBXSourcesBuildPhase section */
		D9AC5A0229A10079003B102B /* Sources */ = {
			isa = PBXSourcesBuildPhase;
			buildActionMask = 2147483647;
			files = (
				D9AC5A0C29A10079003B102B /* Login.swift in Sources */,
				D943D28629A11B7E005ED94E /* SendSMS.swift in Sources */,
				D9AC5A2D29A10A2A003B102B /* Message.swift in Sources */,
				D9AC5A2829A10540003B102B /* Home.swift in Sources */,
				D9AC5A2F29A11624003B102B /* Donate.swift in Sources */,
				D9AC5A0A29A10079003B102B /* KindfulApp.swift in Sources */,
			);
			runOnlyForDeploymentPostprocessing = 0;
		};
/* End PBXSourcesBuildPhase section */

/* Begin XCBuildConfiguration section */
		D9AC5A1229A1007A003B102B /* Debug */ = {
			isa = XCBuildConfiguration;
			buildSettings = {
				ALWAYS_SEARCH_USER_PATHS = NO;
				CLANG_ANALYZER_NONNULL = YES;
				CLANG_ANALYZER_NUMBER_OBJECT_CONVERSION = YES_AGGRESSIVE;
				CLANG_CXX_LANGUAGE_STANDARD = "gnu++20";
				CLANG_ENABLE_MODULES = YES;
				CLANG_ENABLE_OBJC_ARC = YES;
				CLANG_ENABLE_OBJC_WEAK = YES;
				CLANG_WARN_BLOCK_CAPTURE_AUTORELEASING = YES;
				CLANG_WARN_BOOL_CONVERSION = YES;
				CLANG_WARN_COMMA = YES;
				CLANG_WARN_CONSTANT_CONVERSION = YES;
				CLANG_WARN_DEPRECATED_OBJC_IMPLEMENTATIONS = YES;
				CLANG_WARN_DIRECT_OBJC_ISA_USAGE = YES_ERROR;
				CLANG_WARN_DOCUMENTATION_COMMENTS = YES;
				CLANG_WARN_EMPTY_BODY = YES;
				CLANG_WARN_ENUM_CONVERSION = YES;
				CLANG_WARN_INFINITE_RECURSION = YES;
				CLANG_WARN_INT_CONVERSION = YES;
				CLANG_WARN_NON_LITERAL_NULL_CONVERSION = YES;
				CLANG_WARN_OBJC_IMPLICIT_RETAIN_SELF = YES;
				CLANG_WARN_OBJC_LITERAL_CONVERSION = YES;
				CLANG_WARN_OBJC_ROOT_CLASS = YES_ERROR;
				CLANG_WARN_QUOTED_INCLUDE_IN_FRAMEWORK_HEADER = YES;
				CLANG_WARN_RANGE_LOOP_ANALYSIS = YES;
				CLANG_WARN_STRICT_PROTOTYPES = YES;
				CLANG_WARN_SUSPICIOUS_MOVE = YES;
				CLANG_WARN_UNGUARDED_AVAILABILITY = YES_AGGRESSIVE;
				CLANG_WARN_UNREACHABLE_CODE = YES;
				CLANG_WARN__DUPLICATE_METHOD_MATCH = YES;
				COPY_PHASE_STRIP = NO;
				DEBUG_INFORMATION_FORMAT = dwarf;
				ENABLE_STRICT_OBJC_MSGSEND = YES;
				ENABLE_TESTABILITY = YES;
				GCC_C_LANGUAGE_STANDARD = gnu11;
				GCC_DYNAMIC_NO_PIC = NO;
				GCC_NO_COMMON_BLOCKS = YES;
				GCC_OPTIMIZATION_LEVEL = 0;
				GCC_PREPROCESSOR_DEFINITIONS = (
					"DEBUG=1",
					"$(inherited)",
				);
				GCC_WARN_64_TO_32_BIT_CONVERSION = YES;
				GCC_WARN_ABOUT_RETURN_TYPE = YES_ERROR;
				GCC_WARN_UNDECLARED_SELECTOR = YES;
				GCC_WARN_UNINITIALIZED_AUTOS = YES_AGGRESSIVE;
				GCC_WARN_UNUSED_FUNCTION = YES;
				GCC_WARN_UNUSED_VARIABLE = YES;
				IPHONEOS_DEPLOYMENT_TARGET = 16.2;
				MTL_ENABLE_DEBUG_INFO = INCLUDE_SOURCE;
				MTL_FAST_MATH = YES;
				ONLY_ACTIVE_ARCH = YES;
				SDKROOT = iphoneos;
				SWIFT_ACTIVE_COMPILATION_CONDITIONS = DEBUG;
				SWIFT_OPTIMIZATION_LEVEL = "-Onone";
			};
			name = Debug;
		};
		D9AC5A1329A1007A003B102B /* Release */ = {
			isa = XCBuildConfiguration;
			buildSettings = {
				ALWAYS_SEARCH_USER_PATHS = NO;
				CLANG_ANALYZER_NONNULL = YES;
				CLANG_ANALYZER_NUMBER_OBJECT_CONVERSION = YES_AGGRESSIVE;
				CLANG_CXX_LANGUAGE_STANDARD = "gnu++20";
				CLANG_ENABLE_MODULES = YES;
				CLANG_ENABLE_OBJC_ARC = YES;
				CLANG_ENABLE_OBJC_WEAK = YES;
				CLANG_WARN_BLOCK_CAPTURE_AUTORELEASING = YES;
				CLANG_WARN_BOOL_CONVERSION = YES;
				CLANG_WARN_COMMA = YES;
				CLANG_WARN_CONSTANT_CONVERSION = YES;
				CLANG_WARN_DEPRECATED_OBJC_IMPLEMENTATIONS = YES;
				CLANG_WARN_DIRECT_OBJC_ISA_USAGE = YES_ERROR;
				CLANG_WARN_DOCUMENTATION_COMMENTS = YES;
				CLANG_WARN_EMPTY_BODY = YES;
				CLANG_WARN_ENUM_CONVERSION = YES;
				CLANG_WARN_INFINITE_RECURSION = YES;
				CLANG_WARN_INT_CONVERSION = YES;
				CLANG_WARN_NON_LITERAL_NULL_CONVERSION = YES;
				CLANG_WARN_OBJC_IMPLICIT_RETAIN_SELF = YES;
				CLANG_WARN_OBJC_LITERAL_CONVERSION = YES;
				CLANG_WARN_OBJC_ROOT_CLASS = YES_ERROR;
				CLANG_WARN_QUOTED_INCLUDE_IN_FRAMEWORK_HEADER = YES;
				CLANG_WARN_RANGE_LOOP_ANALYSIS = YES;
				CLANG_WARN_STRICT_PROTOTYPES = YES;
				CLANG_WARN_SUSPICIOUS_MOVE = YES;
				CLANG_WARN_UNGUARDED_AVAILABILITY = YES_AGGRESSIVE;
				CLANG_WARN_UNREACHABLE_CODE = YES;
				CLANG_WARN__DUPLICATE_METHOD_MATCH = YES;
				COPY_PHASE_STRIP = NO;
				DEBUG_INFORMATION_FORMAT = "dwarf-with-dsym";
				ENABLE_NS_ASSERTIONS = NO;
				ENABLE_STRICT_OBJC_MSGSEND = YES;
				GCC_C_LANGUAGE_STANDARD = gnu11;
				GCC_NO_COMMON_BLOCKS = YES;
				GCC_WARN_64_TO_32_BIT_CONVERSION = YES;
				GCC_WARN_ABOUT_RETURN_TYPE = YES_ERROR;
				GCC_WARN_UNDECLARED_SELECTOR = YES;
				GCC_WARN_UNINITIALIZED_AUTOS = YES_AGGRESSIVE;
				GCC_WARN_UNUSED_FUNCTION = YES;
				GCC_WARN_UNUSED_VARIABLE = YES;
				IPHONEOS_DEPLOYMENT_TARGET = 16.2;
				MTL_ENABLE_DEBUG_INFO = NO;
				MTL_FAST_MATH = YES;
				SDKROOT = iphoneos;
				SWIFT_COMPILATION_MODE = wholemodule;
				SWIFT_OPTIMIZATION_LEVEL = "-O";
				VALIDATE_PRODUCT = YES;
			};
			name = Release;
		};
		D9AC5A1529A1007A003B102B /* Debug */ = {
			isa = XCBuildConfiguration;
			buildSettings = {
				ASSETCATALOG_COMPILER_APPICON_NAME = AppIcon;
				ASSETCATALOG_COMPILER_GLOBAL_ACCENT_COLOR_NAME = AccentColor;
				CODE_SIGN_STYLE = Automatic;
				CURRENT_PROJECT_VERSION = 1;
				DEVELOPMENT_ASSET_PATHS = "\"Kindful/Preview Content\"";
				DEVELOPMENT_TEAM = PXRQXW2P3Y;
				ENABLE_PREVIEWS = YES;
				GENERATE_INFOPLIST_FILE = YES;
				INFOPLIST_FILE = Kindful/Info.plist;
				INFOPLIST_KEY_UIApplicationSceneManifest_Generation = YES;
				INFOPLIST_KEY_UIApplicationSupportsIndirectInputEvents = YES;
				INFOPLIST_KEY_UILaunchScreen_Generation = YES;
				INFOPLIST_KEY_UISupportedInterfaceOrientations_iPad = "UIInterfaceOrientationPortrait UIInterfaceOrientationPortraitUpsideDown UIInterfaceOrientationLandscapeLeft UIInterfaceOrientationLandscapeRight";
				INFOPLIST_KEY_UISupportedInterfaceOrientations_iPhone = "UIInterfaceOrientationPortrait UIInterfaceOrientationLandscapeLeft UIInterfaceOrientationLandscapeRight";
				LD_RUNPATH_SEARCH_PATHS = (
					"$(inherited)",
					"@executable_path/Frameworks",
				);
				MARKETING_VERSION = 1.0;
				PRODUCT_BUNDLE_IDENTIFIER = com.shauryagupta.Kindful;
				PRODUCT_NAME = "$(TARGET_NAME)";
				SWIFT_EMIT_LOC_STRINGS = YES;
				SWIFT_VERSION = 5.0;
				TARGETED_DEVICE_FAMILY = "1,2";
			};
			name = Debug;
		};
		D9AC5A1629A1007A003B102B /* Release */ = {
			isa = XCBuildConfiguration;
			buildSettings = {
				ASSETCATALOG_COMPILER_APPICON_NAME = AppIcon;
				ASSETCATALOG_COMPILER_GLOBAL_ACCENT_COLOR_NAME = AccentColor;
				CODE_SIGN_STYLE = Automatic;
				CURRENT_PROJECT_VERSION = 1;
				DEVELOPMENT_ASSET_PATHS = "\"Kindful/Preview Content\"";
				DEVELOPMENT_TEAM = PXRQXW2P3Y;
				ENABLE_PREVIEWS = YES;
				GENERATE_INFOPLIST_FILE = YES;
				INFOPLIST_FILE = Kindful/Info.plist;
				INFOPLIST_KEY_UIApplicationSceneManifest_Generation = YES;
				INFOPLIST_KEY_UIApplicationSupportsIndirectInputEvents = YES;
				INFOPLIST_KEY_UILaunchScreen_Generation = YES;
				INFOPLIST_KEY_UISupportedInterfaceOrientations_iPad = "UIInterfaceOrientationPortrait UIInterfaceOrientationPortraitUpsideDown UIInterfaceOrientationLandscapeLeft UIInterfaceOrientationLandscapeRight";
				INFOPLIST_KEY_UISupportedInterfaceOrientations_iPhone = "UIInterfaceOrientationPortrait UIInterfaceOrientationLandscapeLeft UIInterfaceOrientationLandscapeRight";
				LD_RUNPATH_SEARCH_PATHS = (
					"$(inherited)",
					"@executable_path/Frameworks",
				);
				MARKETING_VERSION = 1.0;
				PRODUCT_BUNDLE_IDENTIFIER = com.shauryagupta.Kindful;
				PRODUCT_NAME = "$(TARGET_NAME)";
				SWIFT_EMIT_LOC_STRINGS = YES;
				SWIFT_VERSION = 5.0;
				TARGETED_DEVICE_FAMILY = "1,2";
			};
			name = Release;
		};
/* End XCBuildConfiguration section */

/* Begin XCConfigurationList section */
		D9AC5A0129A10079003B102B /* Build configuration list for PBXProject "Kindful" */ = {
			isa = XCConfigurationList;
			buildConfigurations = (
				D9AC5A1229A1007A003B102B /* Debug */,
				D9AC5A1329A1007A003B102B /* Release */,
			);
			defaultConfigurationIsVisible = 0;
			defaultConfigurationName = Release;
		};
		D9AC5A1429A1007A003B102B /* Build configuration list for PBXNativeTarget "Kindful" */ = {
			isa = XCConfigurationList;
			buildConfigurations = (
				D9AC5A1529A1007A003B102B /* Debug */,
				D9AC5A1629A1007A003B102B /* Release */,
			);
			defaultConfigurationIsVisible = 0;
			defaultConfigurationName = Release;
		};
/* End XCConfigurationList section */

/* Begin XCRemoteSwiftPackageReference section */
		D9AC5A1729A10240003B102B /* XCRemoteSwiftPackageReference "firebase-ios-sdk" */ = {
			isa = XCRemoteSwiftPackageReference;
			repositoryURL = "https://github.com/firebase/firebase-ios-sdk.git";
			requirement = {
				kind = upToNextMajorVersion;
				minimumVersion = 9.0.0;
			};
		};
		D9AC5A2429A104F7003B102B /* XCRemoteSwiftPackageReference "rive-ios" */ = {
			isa = XCRemoteSwiftPackageReference;
			repositoryURL = "https://github.com/rive-app/rive-ios";
			requirement = {
				branch = main;
				kind = branch;
			};
		};
/* End XCRemoteSwiftPackageReference section */

/* Begin XCSwiftPackageProductDependency section */
		D9AC5A1829A10241003B102B /* FirebaseAuth */ = {
			isa = XCSwiftPackageProductDependency;
			package = D9AC5A1729A10240003B102B /* XCRemoteSwiftPackageReference "firebase-ios-sdk" */;
			productName = FirebaseAuth;
		};
		D9AC5A1A29A10241003B102B /* FirebaseFirestore */ = {
			isa = XCSwiftPackageProductDependency;
			package = D9AC5A1729A10240003B102B /* XCRemoteSwiftPackageReference "firebase-ios-sdk" */;
			productName = FirebaseFirestore;
		};
		D9AC5A1C29A10241003B102B /* FirebaseFirestoreSwift */ = {
			isa = XCSwiftPackageProductDependency;
			package = D9AC5A1729A10240003B102B /* XCRemoteSwiftPackageReference "firebase-ios-sdk" */;
			productName = FirebaseFirestoreSwift;
		};
		D9AC5A2529A104F8003B102B /* RiveRuntime */ = {
			isa = XCSwiftPackageProductDependency;
			package = D9AC5A2429A104F7003B102B /* XCRemoteSwiftPackageReference "rive-ios" */;
			productName = RiveRuntime;
		};
/* End XCSwiftPackageProductDependency section */
	};
	rootObject = D9AC59FE29A10079003B102B /* Project object */;
}
